// !$*UTF8*$!
{
	archiveVersion = 1;
	classes = {
	};
	objectVersion = 46;
	objects = {

/* Begin PBXBuildFile section */
		5042A5921577403A004897D9 /* GameOverViewController.m in Sources */ = {isa = PBXBuildFile; fileRef = 5042A5901577403A004897D9 /* GameOverViewController.m */; };
		5042A5931577403A004897D9 /* GameOverViewController.xib in Resources */ = {isa = PBXBuildFile; fileRef = 5042A5911577403A004897D9 /* GameOverViewController.xib */; };
		50FC375F15756327008D47AF /* Player.m in Sources */ = {isa = PBXBuildFile; fileRef = 50FC375E15756327008D47AF /* Player.m */; };
		50FC376615756663008D47AF /* Game.m in Sources */ = {isa = PBXBuildFile; fileRef = 50FC376515756663008D47AF /* Game.m */; };
		50FC376915756CAB008D47AF /* ComputerPlayer.m in Sources */ = {isa = PBXBuildFile; fileRef = 50FC376815756CAB008D47AF /* ComputerPlayer.m */; };
		50FC376C15756D7D008D47AF /* DumbComputerPlayer.m in Sources */ = {isa = PBXBuildFile; fileRef = 50FC376B15756D7C008D47AF /* DumbComputerPlayer.m */; };
		8E2221CB15755F1D00DCC508 /* UIKit.framework in Frameworks */ = {isa = PBXBuildFile; fileRef = 8E2221CA15755F1D00DCC508 /* UIKit.framework */; };
		8E2221CD15755F1D00DCC508 /* Foundation.framework in Frameworks */ = {isa = PBXBuildFile; fileRef = 8E2221CC15755F1D00DCC508 /* Foundation.framework */; };
		8E2221CF15755F1D00DCC508 /* CoreGraphics.framework in Frameworks */ = {isa = PBXBuildFile; fileRef = 8E2221CE15755F1D00DCC508 /* CoreGraphics.framework */; };
		8E2221D115755F1D00DCC508 /* CoreData.framework in Frameworks */ = {isa = PBXBuildFile; fileRef = 8E2221D015755F1D00DCC508 /* CoreData.framework */; };
		8E2221D715755F1D00DCC508 /* InfoPlist.strings in Resources */ = {isa = PBXBuildFile; fileRef = 8E2221D515755F1D00DCC508 /* InfoPlist.strings */; };
		8E2221D915755F1D00DCC508 /* main.m in Sources */ = {isa = PBXBuildFile; fileRef = 8E2221D815755F1D00DCC508 /* main.m */; };
		8E2221DD15755F1D00DCC508 /* AppDelegate.m in Sources */ = {isa = PBXBuildFile; fileRef = 8E2221DC15755F1D00DCC508 /* AppDelegate.m */; };
		8E2221E015755F1D00DCC508 /* OneHundred.xcdatamodeld in Sources */ = {isa = PBXBuildFile; fileRef = 8E2221DE15755F1D00DCC508 /* OneHundred.xcdatamodeld */; };
		8E2221EF157562B700DCC508 /* BiddingViewController.m in Sources */ = {isa = PBXBuildFile; fileRef = 8E2221ED157562B700DCC508 /* BiddingViewController.m */; };
		8E2221F0157562B700DCC508 /* BiddingViewController.xib in Resources */ = {isa = PBXBuildFile; fileRef = 8E2221EE157562B700DCC508 /* BiddingViewController.xib */; };
/* End PBXBuildFile section */

/* Begin PBXFileReference section */
		5042A58F1577403A004897D9 /* GameOverViewController.h */ = {isa = PBXFileReference; fileEncoding = 4; lastKnownFileType = sourcecode.c.h; path = GameOverViewController.h; sourceTree = "<group>"; };
		5042A5901577403A004897D9 /* GameOverViewController.m */ = {isa = PBXFileReference; fileEncoding = 4; lastKnownFileType = sourcecode.c.objc; path = GameOverViewController.m; sourceTree = "<group>"; };
		5042A5911577403A004897D9 /* GameOverViewController.xib */ = {isa = PBXFileReference; fileEncoding = 4; lastKnownFileType = file.xib; path = GameOverViewController.xib; sourceTree = "<group>"; };
		50FC375D15756327008D47AF /* Player.h */ = {isa = PBXFileReference; fileEncoding = 4; lastKnownFileType = sourcecode.c.h; path = Player.h; sourceTree = "<group>"; };
		50FC375E15756327008D47AF /* Player.m */ = {isa = PBXFileReference; fileEncoding = 4; lastKnownFileType = sourcecode.c.objc; path = Player.m; sourceTree = "<group>"; };
		50FC376415756663008D47AF /* Game.h */ = {isa = PBXFileReference; fileEncoding = 4; lastKnownFileType = sourcecode.c.h; path = Game.h; sourceTree = "<group>"; };
		50FC376515756663008D47AF /* Game.m */ = {isa = PBXFileReference; fileEncoding = 4; lastKnownFileType = sourcecode.c.objc; path = Game.m; sourceTree = "<group>"; };
		50FC376715756CAB008D47AF /* ComputerPlayer.h */ = {isa = PBXFileReference; fileEncoding = 4; lastKnownFileType = sourcecode.c.h; path = ComputerPlayer.h; sourceTree = "<group>"; };
		50FC376815756CAB008D47AF /* ComputerPlayer.m */ = {isa = PBXFileReference; fileEncoding = 4; lastKnownFileType = sourcecode.c.objc; path = ComputerPlayer.m; sourceTree = "<group>"; };
		50FC376A15756D7C008D47AF /* DumbComputerPlayer.h */ = {isa = PBXFileReference; fileEncoding = 4; lastKnownFileType = sourcecode.c.h; path = DumbComputerPlayer.h; sourceTree = "<group>"; };
		50FC376B15756D7C008D47AF /* DumbComputerPlayer.m */ = {isa = PBXFileReference; fileEncoding = 4; lastKnownFileType = sourcecode.c.objc; path = DumbComputerPlayer.m; sourceTree = "<group>"; };
		8E2221C615755F1D00DCC508 /* OneHundred.app */ = {isa = PBXFileReference; explicitFileType = wrapper.application; includeInIndex = 0; path = OneHundred.app; sourceTree = BUILT_PRODUCTS_DIR; };
		8E2221CA15755F1D00DCC508 /* UIKit.framework */ = {isa = PBXFileReference; lastKnownFileType = wrapper.framework; name = UIKit.framework; path = System/Library/Frameworks/UIKit.framework; sourceTree = SDKROOT; };
		8E2221CC15755F1D00DCC508 /* Foundation.framework */ = {isa = PBXFileReference; lastKnownFileType = wrapper.framework; name = Foundation.framework; path = System/Library/Frameworks/Foundation.framework; sourceTree = SDKROOT; };
		8E2221CE15755F1D00DCC508 /* CoreGraphics.framework */ = {isa = PBXFileReference; lastKnownFileType = wrapper.framework; name = CoreGraphics.framework; path = System/Library/Frameworks/CoreGraphics.framework; sourceTree = SDKROOT; };
		8E2221D015755F1D00DCC508 /* CoreData.framework */ = {isa = PBXFileReference; lastKnownFileType = wrapper.framework; name = CoreData.framework; path = System/Library/Frameworks/CoreData.framework; sourceTree = SDKROOT; };
		8E2221D415755F1D00DCC508 /* OneHundred-Info.plist */ = {isa = PBXFileReference; lastKnownFileType = text.plist.xml; path = "OneHundred-Info.plist"; sourceTree = "<group>"; };
		8E2221D615755F1D00DCC508 /* en */ = {isa = PBXFileReference; lastKnownFileType = text.plist.strings; name = en; path = en.lproj/InfoPlist.strings; sourceTree = "<group>"; };
		8E2221D815755F1D00DCC508 /* main.m */ = {isa = PBXFileReference; lastKnownFileType = sourcecode.c.objc; path = main.m; sourceTree = "<group>"; };
		8E2221DA15755F1D00DCC508 /* OneHundred-Prefix.pch */ = {isa = PBXFileReference; lastKnownFileType = sourcecode.c.h; path = "OneHundred-Prefix.pch"; sourceTree = "<group>"; };
		8E2221DB15755F1D00DCC508 /* AppDelegate.h */ = {isa = PBXFileReference; lastKnownFileType = sourcecode.c.h; path = AppDelegate.h; sourceTree = "<group>"; };
		8E2221DC15755F1D00DCC508 /* AppDelegate.m */ = {isa = PBXFileReference; lastKnownFileType = sourcecode.c.objc; path = AppDelegate.m; sourceTree = "<group>"; };
		8E2221DF15755F1D00DCC508 /* OneHundred.xcdatamodel */ = {isa = PBXFileReference; lastKnownFileType = wrapper.xcdatamodel; path = OneHundred.xcdatamodel; sourceTree = "<group>"; };
		8E2221EC157562B700DCC508 /* BiddingViewController.h */ = {isa = PBXFileReference; fileEncoding = 4; lastKnownFileType = sourcecode.c.h; path = BiddingViewController.h; sourceTree = "<group>"; };
		8E2221ED157562B700DCC508 /* BiddingViewController.m */ = {isa = PBXFileReference; fileEncoding = 4; lastKnownFileType = sourcecode.c.objc; path = BiddingViewController.m; sourceTree = "<group>"; };
		8E2221EE157562B700DCC508 /* BiddingViewController.xib */ = {isa = PBXFileReference; fileEncoding = 4; lastKnownFileType = file.xib; path = BiddingViewController.xib; sourceTree = "<group>"; };
/* End PBXFileReference section */

/* Begin PBXFrameworksBuildPhase section */
		8E2221C315755F1D00DCC508 /* Frameworks */ = {
			isa = PBXFrameworksBuildPhase;
			buildActionMask = 2147483647;
			files = (
				8E2221CB15755F1D00DCC508 /* UIKit.framework in Frameworks */,
				8E2221CD15755F1D00DCC508 /* Foundation.framework in Frameworks */,
				8E2221CF15755F1D00DCC508 /* CoreGraphics.framework in Frameworks */,
				8E2221D115755F1D00DCC508 /* CoreData.framework in Frameworks */,
			);
			runOnlyForDeploymentPostprocessing = 0;
		};
/* End PBXFrameworksBuildPhase section */

/* Begin PBXGroup section */
		50FC376D15757B1D008D47AF /* Game Classes */ = {
			isa = PBXGroup;
			children = (
				50FC376415756663008D47AF /* Game.h */,
				50FC376515756663008D47AF /* Game.m */,
				50FC375D15756327008D47AF /* Player.h */,
				50FC375E15756327008D47AF /* Player.m */,
				50FC376715756CAB008D47AF /* ComputerPlayer.h */,
				50FC376815756CAB008D47AF /* ComputerPlayer.m */,
				50FC376A15756D7C008D47AF /* DumbComputerPlayer.h */,
				50FC376B15756D7C008D47AF /* DumbComputerPlayer.m */,
			);
			name = "Game Classes";
			sourceTree = "<group>";
		};
		8E2221BB15755F1C00DCC508 = {
			isa = PBXGroup;
			children = (
				8E2221D215755F1D00DCC508 /* OneHundred */,
				8E2221C915755F1D00DCC508 /* Frameworks */,
				8E2221C715755F1D00DCC508 /* Products */,
			);
			sourceTree = "<group>";
		};
		8E2221C715755F1D00DCC508 /* Products */ = {
			isa = PBXGroup;
			children = (
				8E2221C615755F1D00DCC508 /* OneHundred.app */,
			);
			name = Products;
			sourceTree = "<group>";
		};
		8E2221C915755F1D00DCC508 /* Frameworks */ = {
			isa = PBXGroup;
			children = (
				8E2221CA15755F1D00DCC508 /* UIKit.framework */,
				8E2221CC15755F1D00DCC508 /* Foundation.framework */,
				8E2221CE15755F1D00DCC508 /* CoreGraphics.framework */,
				8E2221D015755F1D00DCC508 /* CoreData.framework */,
			);
			name = Frameworks;
			sourceTree = "<group>";
		};
		8E2221D215755F1D00DCC508 /* OneHundred */ = {
			isa = PBXGroup;
			children = (
				8E2221DB15755F1D00DCC508 /* AppDelegate.h */,
				8E2221DC15755F1D00DCC508 /* AppDelegate.m */,
				50FC376D15757B1D008D47AF /* Game Classes */,
				8E2221EA1575625B00DCC508 /* View Controllers */,
				8E2221D315755F1D00DCC508 /* Supporting Files */,
			);
			path = OneHundred;
			sourceTree = "<group>";
		};
		8E2221D315755F1D00DCC508 /* Supporting Files */ = {
			isa = PBXGroup;
			children = (
				8E2221DE15755F1D00DCC508 /* OneHundred.xcdatamodeld */,
				8E2221D415755F1D00DCC508 /* OneHundred-Info.plist */,
				8E2221D515755F1D00DCC508 /* InfoPlist.strings */,
				8E2221D815755F1D00DCC508 /* main.m */,
				8E2221DA15755F1D00DCC508 /* OneHundred-Prefix.pch */,
			);
			name = "Supporting Files";
			sourceTree = "<group>";
		};
		8E2221EA1575625B00DCC508 /* View Controllers */ = {
			isa = PBXGroup;
			children = (
				8E2221EC157562B700DCC508 /* BiddingViewController.h */,
				8E2221ED157562B700DCC508 /* BiddingViewController.m */,
				8E2221EE157562B700DCC508 /* BiddingViewController.xib */,
				5042A58F1577403A004897D9 /* GameOverViewController.h */,
				5042A5901577403A004897D9 /* GameOverViewController.m */,
				5042A5911577403A004897D9 /* GameOverViewController.xib */,
			);
			name = "View Controllers";
			sourceTree = "<group>";
		};
/* End PBXGroup section */

/* Begin PBXNativeTarget section */
		8E2221C515755F1D00DCC508 /* OneHundred */ = {
			isa = PBXNativeTarget;
			buildConfigurationList = 8E2221E315755F1D00DCC508 /* Build configuration list for PBXNativeTarget "OneHundred" */;
			buildPhases = (
				8E2221C215755F1D00DCC508 /* Sources */,
				8E2221C315755F1D00DCC508 /* Frameworks */,
				8E2221C415755F1D00DCC508 /* Resources */,
			);
			buildRules = (
			);
			dependencies = (
			);
			name = OneHundred;
			productName = OneHundred;
			productReference = 8E2221C615755F1D00DCC508 /* OneHundred.app */;
			productType = "com.apple.product-type.application";
		};
/* End PBXNativeTarget section */

/* Begin PBXProject section */
		8E2221BD15755F1C00DCC508 /* Project object */ = {
			isa = PBXProject;
			attributes = {
				LastUpgradeCheck = 0430;
			};
			buildConfigurationList = 8E2221C015755F1C00DCC508 /* Build configuration list for PBXProject "OneHundred" */;
			compatibilityVersion = "Xcode 3.2";
			developmentRegion = English;
			hasScannedForEncodings = 0;
			knownRegions = (
				en,
			);
			mainGroup = 8E2221BB15755F1C00DCC508;
			productRefGroup = 8E2221C715755F1D00DCC508 /* Products */;
			projectDirPath = "";
			projectRoot = "";
			targets = (
				8E2221C515755F1D00DCC508 /* OneHundred */,
			);
		};
/* End PBXProject section */

/* Begin PBXResourcesBuildPhase section */
		8E2221C415755F1D00DCC508 /* Resources */ = {
			isa = PBXResourcesBuildPhase;
			buildActionMask = 2147483647;
			files = (
				8E2221D715755F1D00DCC508 /* InfoPlist.strings in Resources */,
				8E2221F0157562B700DCC508 /* BiddingViewController.xib in Resources */,
				5042A5931577403A004897D9 /* GameOverViewController.xib in Resources */,
			);
			runOnlyForDeploymentPostprocessing = 0;
		};
/* End PBXResourcesBuildPhase section */

/* Begin PBXSourcesBuildPhase section */
		8E2221C215755F1D00DCC508 /* Sources */ = {
			isa = PBXSourcesBuildPhase;
			buildActionMask = 2147483647;
			files = (
				8E2221D915755F1D00DCC508 /* main.m in Sources */,
				8E2221DD15755F1D00DCC508 /* AppDelegate.m in Sources */,
				8E2221E015755F1D00DCC508 /* OneHundred.xcdatamodeld in Sources */,
				8E2221EF157562B700DCC508 /* BiddingViewController.m in Sources */,
				50FC375F15756327008D47AF /* Player.m in Sources */,
				50FC376615756663008D47AF /* Game.m in Sources */,
				50FC376915756CAB008D47AF /* ComputerPlayer.m in Sources */,
				50FC376C15756D7D008D47AF /* DumbComputerPlayer.m in Sources */,
				5042A5921577403A004897D9 /* GameOverViewController.m in Sources */,
			);
			runOnlyForDeploymentPostprocessing = 0;
		};
/* End PBXSourcesBuildPhase section */

/* Begin PBXVariantGroup section */
		8E2221D515755F1D00DCC508 /* InfoPlist.strings */ = {
			isa = PBXVariantGroup;
			children = (
				8E2221D615755F1D00DCC508 /* en */,
			);
			name = InfoPlist.strings;
			sourceTree = "<group>";
		};
/* End PBXVariantGroup section */

/* Begin XCBuildConfiguration section */
		8E2221E115755F1D00DCC508 /* Debug */ = {
			isa = XCBuildConfiguration;
			buildSettings = {
				ALWAYS_SEARCH_USER_PATHS = NO;
				ARCHS = "$(ARCHS_STANDARD_32_BIT)";
				CLANG_ENABLE_OBJC_ARC = YES;
				"CODE_SIGN_IDENTITY[sdk=iphoneos*]" = "iPhone Developer";
				COPY_PHASE_STRIP = NO;
				GCC_C_LANGUAGE_STANDARD = gnu99;
				GCC_DYNAMIC_NO_PIC = NO;
				GCC_OPTIMIZATION_LEVEL = 0;
				GCC_PREPROCESSOR_DEFINITIONS = (
					"DEBUG=1",
					"$(inherited)",
				);
				GCC_SYMBOLS_PRIVATE_EXTERN = NO;
				GCC_VERSION = com.apple.compilers.llvm.clang.1_0;
				GCC_WARN_ABOUT_RETURN_TYPE = YES;
				GCC_WARN_UNINITIALIZED_AUTOS = YES;
				GCC_WARN_UNUSED_VARIABLE = YES;
				IPHONEOS_DEPLOYMENT_TARGET = 5.1;
				SDKROOT = iphoneos;
				TARGETED_DEVICE_FAMILY = "1,2";
			};
			name = Debug;
		};
		8E2221E215755F1D00DCC508 /* Release */ = {
			isa = XCBuildConfiguration;
			buildSettings = {
				ALWAYS_SEARCH_USER_PATHS = NO;
				ARCHS = "$(ARCHS_STANDARD_32_BIT)";
				CLANG_ENABLE_OBJC_ARC = YES;
				"CODE_SIGN_IDENTITY[sdk=iphoneos*]" = "iPhone Developer";
				COPY_PHASE_STRIP = YES;
				GCC_C_LANGUAGE_STANDARD = gnu99;
				GCC_VERSION = com.apple.compilers.llvm.clang.1_0;
				GCC_WARN_ABOUT_RETURN_TYPE = YES;
				GCC_WARN_UNINITIALIZED_AUTOS = YES;
				GCC_WARN_UNUSED_VARIABLE = YES;
				IPHONEOS_DEPLOYMENT_TARGET = 5.1;
				OTHER_CFLAGS = "-DNS_BLOCK_ASSERTIONS=1";
				SDKROOT = iphoneos;
				TARGETED_DEVICE_FAMILY = "1,2";
				VALIDATE_PRODUCT = YES;
			};
			name = Release;
		};
		8E2221E415755F1D00DCC508 /* Debug */ = {
			isa = XCBuildConfiguration;
			buildSettings = {
				GCC_PRECOMPILE_PREFIX_HEADER = YES;
				GCC_PREFIX_HEADER = "OneHundred/OneHundred-Prefix.pch";
				INFOPLIST_FILE = "OneHundred/OneHundred-Info.plist";
				PRODUCT_NAME = "$(TARGET_NAME)";
				WRAPPER_EXTENSION = app;
			};
			name = Debug;
		};
		8E2221E515755F1D00DCC508 /* Release */ = {
			isa = XCBuildConfiguration;
			buildSettings = {
				GCC_PRECOMPILE_PREFIX_HEADER = YES;
				GCC_PREFIX_HEADER = "OneHundred/OneHundred-Prefix.pch";
				INFOPLIST_FILE = "OneHundred/OneHundred-Info.plist";
				PRODUCT_NAME = "$(TARGET_NAME)";
				WRAPPER_EXTENSION = app;
			};
			name = Release;
		};
/* End XCBuildConfiguration section */

/* Begin XCConfigurationList section */
		8E2221C015755F1C00DCC508 /* Build configuration list for PBXProject "OneHundred" */ = {
			isa = XCConfigurationList;
			buildConfigurations = (
				8E2221E115755F1D00DCC508 /* Debug */,
				8E2221E215755F1D00DCC508 /* Release */,
			);
			defaultConfigurationIsVisible = 0;
			defaultConfigurationName = Release;
		};
		8E2221E315755F1D00DCC508 /* Build configuration list for PBXNativeTarget "OneHundred" */ = {
			isa = XCConfigurationList;
			buildConfigurations = (
				8E2221E415755F1D00DCC508 /* Debug */,
				8E2221E515755F1D00DCC508 /* Release */,
			);
			defaultConfigurationIsVisible = 0;
			defaultConfigurationName = Release;
		};
/* End XCConfigurationList section */

/* Begin XCVersionGroup section */
		8E2221DE15755F1D00DCC508 /* OneHundred.xcdatamodeld */ = {
			isa = XCVersionGroup;
			children = (
				8E2221DF15755F1D00DCC508 /* OneHundred.xcdatamodel */,
			);
			currentVersion = 8E2221DF15755F1D00DCC508 /* OneHundred.xcdatamodel */;
			path = OneHundred.xcdatamodeld;
			sourceTree = "<group>";
			versionGroupType = wrapper.xcdatamodel;
		};
/* End XCVersionGroup section */
	};
	rootObject = 8E2221BD15755F1C00DCC508 /* Project object */;
}
